{
  "name": "tartan-images",
  "version": "0.0.1",
  "lockfileVersion": 1,
  "requires": true,
  "dependencies": {
    "lodash": {
      "version": "4.17.10",
      "resolved": "https://registry.npmjs.org/lodash/-/lodash-4.17.10.tgz",
      "integrity": "sha512-UejweD1pDoXu+AD825lWwp4ZGtSwgnpZxb3JDViD7StjQz+Nb/6l093lx4OQ0foGWNRoc19mWy7BzL+UAK2iVg=="
    },
    "tartan": {
      "version": "5.0.1",
      "resolved": "https://registry.npmjs.org/tartan/-/tartan-5.0.1.tgz",
      "integrity": "sha1-3HJRf0X3lbAYD6VGGFa2Y3nRlZs=",
      "requires": {
        "lodash": "^4.17.2"
      }
    }
  }
}
